
Microsoft Visual Studio Solution File, Format Version 12.00
# Visual Studio 15
VisualStudioVersion = 15.0.27703.2026
MinimumVisualStudioVersion = 10.0.40219.1
Project("{9092AA53-FB77-4645-B42D-1CCCA6BD08BD}") = "JsonKeyCasing", "JsonKeyCasing/JsonKeyCasing.njsproj", "{BF95841E-E1D8-49A7-8AF2-6D092692E03C}"
EndProject
Global
	GlobalSection(SolutionConfigurationPlatforms) = preSolution
		Debug|Any CPU = Debug|Any CPU
		Release|Any CPU = Release|Any CPU
	EndGlobalSection
	GlobalSection(ProjectConfigurationPlatforms) = postSolution
		{BF95841E-E1D8-49A7-8AF2-6D092692E03C}.Debug|Any CPU.ActiveCfg = Debug|Any CPU
		{BF95841E-E1D8-49A7-8AF2-6D092692E03C}.Debug|Any CPU.Build.0 = Debug|Any CPU
		{BF95841E-E1D8-49A7-8AF2-6D092692E03C}.Release|Any CPU.ActiveCfg = Release|Any CPU
		{BF95841E-E1D8-49A7-8AF2-6D092692E03C}.Release|Any CPU.Build.0 = Release|Any CPU
	EndGlobalSection
	GlobalSection(SolutionProperties) = preSolution
		HideSolutionNode = FALSE
	EndGlobalSection
	GlobalSection(ExtensibilityGlobals) = postSolution
		SolutionGuid = {54C5431F-0E2B-46D5-9DC7-BEA050105050}
	EndGlobalSection
EndGlobal
